
Microsoft Visual Studio Solution File, Format Version 12.00
# Visual Studio Version 17
VisualStudioVersion = 17.9.34321.82
MinimumVisualStudioVersion = 10.0.40219.1
Project("{FAE04EC0-301F-11D3-BF4B-00C04F79EFBC}") = "iOSFillTest", "iOSFillTest.csproj", "{98318246-D6AB-4B39-BF24-3CD50C2307BA}"
EndProject
Global
	GlobalSection(SolutionConfigurationPlatforms) = preSolution
		Debug|Any CPU = Debug|Any CPU
		Release|Any CPU = Release|Any CPU
	EndGlobalSection
	GlobalSection(ProjectConfigurationPlatforms) = postSolution
		{98318246-D6AB-4B39-BF24-3CD50C2307BA}.Debug|Any CPU.ActiveCfg = Debug|Any CPU
		{98318246-D6AB-4B39-BF24-3CD50C2307BA}.Debug|Any CPU.Build.0 = Debug|Any CPU
		{98318246-D6AB-4B39-BF24-3CD50C2307BA}.Debug|Any CPU.Deploy.0 = Debug|Any CPU
		{98318246-D6AB-4B39-BF24-3CD50C2307BA}.Release|Any CPU.ActiveCfg = Release|Any CPU
		{98318246-D6AB-4B39-BF24-3CD50C2307BA}.Release|Any CPU.Build.0 = Release|Any CPU
		{98318246-D6AB-4B39-BF24-3CD50C2307BA}.Release|Any CPU.Deploy.0 = Release|Any CPU
	EndGlobalSection
	GlobalSection(SolutionProperties) = preSolution
		HideSolutionNode = FALSE
	EndGlobalSection
	GlobalSection(ExtensibilityGlobals) = postSolution
		SolutionGuid = {874C6091-8B56-4321-9F5F-9B825956E5FA}
	EndGlobalSection
EndGlobal
